{
  "name": "jbart",
  "version": "1.0.0",
  "lockfileVersion": 1,
  "requires": true,
  "dependencies": {
    "jb-react": {
      "version": "0.4.26",
      "resolved": "https://registry.npmjs.org/jb-react/-/jb-react-0.4.26.tgz",
      "integrity": "sha512-8fDQerHdmEo73W8XD60MPhmHKZwwfQbQGuCv9Jr6TVXTA5AU5/dNRE55wUapuCzLnNdMS5AZpC8dhL/erepgHA==",
      "requires": {
        "node-fetch": "^2.6.0"
      }
    },
    "node-fetch": {
      "version": "2.6.1",
      "resolved": "https://registry.npmjs.org/node-fetch/-/node-fetch-2.6.1.tgz",
      "integrity": "sha512-V4aYg89jEoVRxRb2fJdAg8FHvI7cEyYdVAh94HH0UIK8oJxUfkjlDQN9RbMx+bEjP7+ggMiFRprSti032Oipxw=="
    }
  }
}
